{
  "name": "auth_apis",
  "version": "1.0.0",
  "lockfileVersion": 3,
  "requires": true,
  "packages": {
    "": {
      "name": "auth_apis",
      "version": "1.0.0",
      "license": "ISC",
      "dependencies": {
        "dotenv": "^17.2.3",
        "express-oauth2-jwt-bearer": "^1.7.1"
      }
    },
    "node_modules/dotenv": {
      "version": "17.2.3",
      "resolved": "https://registry.npmjs.org/dotenv/-/dotenv-17.2.3.tgz",
      "integrity": "sha512-JVUnt+DUIzu87TABbhPmNfVdBDt18BLOWjMUFJMSi/Qqg7NTYtabbvSNJGOJ7afbRuv9D/lngizHtP7QyLQ+9w==",
      "license": "BSD-2-Clause",
      "engines": {
        "node": ">=12"
      },
      "funding": {
        "url": "https://dotenvx.com"
      }
    },
    "node_modules/express-oauth2-jwt-bearer": {
      "version": "1.7.3",
      "resolved": "https://registry.npmjs.org/express-oauth2-jwt-bearer/-/express-oauth2-jwt-bearer-1.7.3.tgz",
      "integrity": "sha512-s/Vv9rl8du5/2nkOfdWt3u1VufjKqa2xJxQpPTlTqd5NicrREgQT+43a4ZGxHPCjaCUjBVzCtwTgd7rKeKW57w==",
      "license": "MIT",
      "dependencies": {
        "jose": "^4.15.5"
      },
      "engines": {
        "node": "^12.19.0 || ^14.15.0 || ^16.13.0 || ^18.12.0 || ^20.2.0 || ^22.1.0 || ^24.0.0"
      }
    },
    "node_modules/jose": {
      "version": "4.15.9",
      "resolved": "https://registry.npmjs.org/jose/-/jose-4.15.9.tgz",
      "integrity": "sha512-1vUQX+IdDMVPj4k8kOxgUqlcK518yluMuGZwqlr44FS1ppZB/5GWh4rZG89erpOBOJjU/OBsnCVFfapsRz6nEA==",
      "license": "MIT",
      "funding": {
        "url": "https://github.com/sponsors/panva"
      }
    }
  }
}
